
Microsoft Visual Studio Solution File, Format Version 12.00
# Visual Studio 2013
VisualStudioVersion = 12.0.30723.0
MinimumVisualStudioVersion = 10.0.40219.1
Project("{FAE04EC0-301F-11D3-BF4B-00C04F79EFBC}") = "CrowdDJ", "CrowdDJ\CrowdDJ.csproj", "{AABE1805-3369-4D29-A624-7E39CB8A6ACB}"
EndProject
Project("{FAE04EC0-301F-11D3-BF4B-00C04F79EFBC}") = "CrowdDJ.DAO", "CrowdDJ.DAO\CrowdDJ.DAO.csproj", "{595CFB23-1682-450D-9CF7-998F6FD3EECF}"
EndProject
Project("{FAE04EC0-301F-11D3-BF4B-00C04F79EFBC}") = "CrowdDJ.DomainClasses", "CrowdDJ.DomainClasses\CrowdDJ.DomainClasses.csproj", "{BA2552D2-829C-49AA-9443-2F0CDB69B720}"
EndProject
Project("{FAE04EC0-301F-11D3-BF4B-00C04F79EFBC}") = "CrowdDJ.Interfaces", "CrowdDJ.Interfaces\CrowdDJ.Interfaces.csproj", "{13DADBFD-3651-453A-BC17-411C441A2A01}"
EndProject
Project("{FAE04EC0-301F-11D3-BF4B-00C04F79EFBC}") = "CrowdDJ.BL", "CrowdDJ.BL\CrowdDJ.BL.csproj", "{0AA70C8F-7A39-452F-A339-6EC49CD8E7A1}"
EndProject
Project("{FAE04EC0-301F-11D3-BF4B-00C04F79EFBC}") = "CrowdDJ.Playstation", "CrowdDJ.Playstation\CrowdDJ.Playstation.csproj", "{2B603AC1-D1F2-485A-9159-29F62B59F438}"
EndProject
Project("{FAE04EC0-301F-11D3-BF4B-00C04F79EFBC}") = "CrowdDJ.QRCode", "CrowdDJ.QRCode\CrowdDJ.QRCode.csproj", "{2791A019-7F35-4B84-97D7-55823C3F8DE2}"
EndProject
Project("{FAE04EC0-301F-11D3-BF4B-00C04F79EFBC}") = "CrowdDJ.SimpleVote", "CrowdDJ.SimpleVote\CrowdDJ.SimpleVote.csproj", "{076FB4B8-D82C-472C-AD5A-055EC3D1FA72}"
EndProject
Project("{FAE04EC0-301F-11D3-BF4B-00C04F79EFBC}") = "CrowdDJ.WebService", "CrowdDJ.WebService\CrowdDJ.WebService.csproj", "{A50219CF-5E35-4942-A1E6-3434CF4082FC}"
EndProject
Project("{FAE04EC0-301F-11D3-BF4B-00C04F79EFBC}") = "CrowdDJ.UnitTest", "CrowdDJ.UnitTest\CrowdDJ.UnitTest.csproj", "{52B05115-51F8-437A-9C7D-92B176CE6323}"
EndProject
Global
	GlobalSection(SolutionConfigurationPlatforms) = preSolution
		Debug|Any CPU = Debug|Any CPU
		Release|Any CPU = Release|Any CPU
	EndGlobalSection
	GlobalSection(ProjectConfigurationPlatforms) = postSolution
		{AABE1805-3369-4D29-A624-7E39CB8A6ACB}.Debug|Any CPU.ActiveCfg = Debug|Any CPU
		{AABE1805-3369-4D29-A624-7E39CB8A6ACB}.Debug|Any CPU.Build.0 = Debug|Any CPU
		{AABE1805-3369-4D29-A624-7E39CB8A6ACB}.Release|Any CPU.ActiveCfg = Release|Any CPU
		{AABE1805-3369-4D29-A624-7E39CB8A6ACB}.Release|Any CPU.Build.0 = Release|Any CPU
		{595CFB23-1682-450D-9CF7-998F6FD3EECF}.Debug|Any CPU.ActiveCfg = Debug|Any CPU
		{595CFB23-1682-450D-9CF7-998F6FD3EECF}.Debug|Any CPU.Build.0 = Debug|Any CPU
		{595CFB23-1682-450D-9CF7-998F6FD3EECF}.Release|Any CPU.ActiveCfg = Release|Any CPU
		{595CFB23-1682-450D-9CF7-998F6FD3EECF}.Release|Any CPU.Build.0 = Release|Any CPU
		{BA2552D2-829C-49AA-9443-2F0CDB69B720}.Debug|Any CPU.ActiveCfg = Debug|Any CPU
		{BA2552D2-829C-49AA-9443-2F0CDB69B720}.Debug|Any CPU.Build.0 = Debug|Any CPU
		{BA2552D2-829C-49AA-9443-2F0CDB69B720}.Release|Any CPU.ActiveCfg = Release|Any CPU
		{BA2552D2-829C-49AA-9443-2F0CDB69B720}.Release|Any CPU.Build.0 = Release|Any CPU
		{13DADBFD-3651-453A-BC17-411C441A2A01}.Debug|Any CPU.ActiveCfg = Debug|Any CPU
		{13DADBFD-3651-453A-BC17-411C441A2A01}.Debug|Any CPU.Build.0 = Debug|Any CPU
		{13DADBFD-3651-453A-BC17-411C441A2A01}.Release|Any CPU.ActiveCfg = Release|Any CPU
		{13DADBFD-3651-453A-BC17-411C441A2A01}.Release|Any CPU.Build.0 = Release|Any CPU
		{0AA70C8F-7A39-452F-A339-6EC49CD8E7A1}.Debug|Any CPU.ActiveCfg = Debug|Any CPU
		{0AA70C8F-7A39-452F-A339-6EC49CD8E7A1}.Debug|Any CPU.Build.0 = Debug|Any CPU
		{0AA70C8F-7A39-452F-A339-6EC49CD8E7A1}.Release|Any CPU.ActiveCfg = Release|Any CPU
		{0AA70C8F-7A39-452F-A339-6EC49CD8E7A1}.Release|Any CPU.Build.0 = Release|Any CPU
		{2B603AC1-D1F2-485A-9159-29F62B59F438}.Debug|Any CPU.ActiveCfg = Debug|Any CPU
		{2B603AC1-D1F2-485A-9159-29F62B59F438}.Debug|Any CPU.Build.0 = Debug|Any CPU
		{2B603AC1-D1F2-485A-9159-29F62B59F438}.Release|Any CPU.ActiveCfg = Release|Any CPU
		{2B603AC1-D1F2-485A-9159-29F62B59F438}.Release|Any CPU.Build.0 = Release|Any CPU
		{2791A019-7F35-4B84-97D7-55823C3F8DE2}.Debug|Any CPU.ActiveCfg = Debug|Any CPU
		{2791A019-7F35-4B84-97D7-55823C3F8DE2}.Debug|Any CPU.Build.0 = Debug|Any CPU
		{2791A019-7F35-4B84-97D7-55823C3F8DE2}.Release|Any CPU.ActiveCfg = Release|Any CPU
		{2791A019-7F35-4B84-97D7-55823C3F8DE2}.Release|Any CPU.Build.0 = Release|Any CPU
		{076FB4B8-D82C-472C-AD5A-055EC3D1FA72}.Debug|Any CPU.ActiveCfg = Debug|Any CPU
		{076FB4B8-D82C-472C-AD5A-055EC3D1FA72}.Debug|Any CPU.Build.0 = Debug|Any CPU
		{076FB4B8-D82C-472C-AD5A-055EC3D1FA72}.Release|Any CPU.ActiveCfg = Release|Any CPU
		{076FB4B8-D82C-472C-AD5A-055EC3D1FA72}.Release|Any CPU.Build.0 = Release|Any CPU
		{A50219CF-5E35-4942-A1E6-3434CF4082FC}.Debug|Any CPU.ActiveCfg = Debug|Any CPU
		{A50219CF-5E35-4942-A1E6-3434CF4082FC}.Debug|Any CPU.Build.0 = Debug|Any CPU
		{A50219CF-5E35-4942-A1E6-3434CF4082FC}.Release|Any CPU.ActiveCfg = Release|Any CPU
		{A50219CF-5E35-4942-A1E6-3434CF4082FC}.Release|Any CPU.Build.0 = Release|Any CPU
		{52B05115-51F8-437A-9C7D-92B176CE6323}.Debug|Any CPU.ActiveCfg = Debug|Any CPU
		{52B05115-51F8-437A-9C7D-92B176CE6323}.Debug|Any CPU.Build.0 = Debug|Any CPU
		{52B05115-51F8-437A-9C7D-92B176CE6323}.Release|Any CPU.ActiveCfg = Release|Any CPU
		{52B05115-51F8-437A-9C7D-92B176CE6323}.Release|Any CPU.Build.0 = Release|Any CPU
	EndGlobalSection
	GlobalSection(SolutionProperties) = preSolution
		HideSolutionNode = FALSE
	EndGlobalSection
EndGlobal
